// !$*UTF8*$!
{
	archiveVersion = 1;
	classes = {
	};
	objectVersion = 55;
	objects = {

/* Begin PBXBuildFile section */
		14FA8A2E2844F40E003D73E2 /* AppDelegate.swift in Sources */ = {isa = PBXBuildFile; fileRef = 14FA8A2D2844F40E003D73E2 /* AppDelegate.swift */; };
		14FA8A372844F410003D73E2 /* Assets.xcassets in Resources */ = {isa = PBXBuildFile; fileRef = 14FA8A362844F410003D73E2 /* Assets.xcassets */; };
		14FA8A3A2844F410003D73E2 /* LaunchScreen.storyboard in Resources */ = {isa = PBXBuildFile; fileRef = 14FA8A382844F410003D73E2 /* LaunchScreen.storyboard */; };
		14FA8A452844F410003D73E2 /* CodingTestTests.swift in Sources */ = {isa = PBXBuildFile; fileRef = 14FA8A442844F410003D73E2 /* CodingTestTests.swift */; };
		14FA8A4F2844F410003D73E2 /* CodingTestUITests.swift in Sources */ = {isa = PBXBuildFile; fileRef = 14FA8A4E2844F410003D73E2 /* CodingTestUITests.swift */; };
		14FA8A512844F410003D73E2 /* CodingTestUITestsLaunchTests.swift in Sources */ = {isa = PBXBuildFile; fileRef = 14FA8A502844F410003D73E2 /* CodingTestUITestsLaunchTests.swift */; };
		14FA8A6328452E85003D73E2 /* BaseCoordinator.swift in Sources */ = {isa = PBXBuildFile; fileRef = 14FA8A6228452E85003D73E2 /* BaseCoordinator.swift */; };
		14FA8A6828452FBF003D73E2 /* AppCoordinator.swift in Sources */ = {isa = PBXBuildFile; fileRef = 14FA8A6728452FBF003D73E2 /* AppCoordinator.swift */; };
		14FA8A6D2845308A003D73E2 /* NewsListViewModel.swift in Sources */ = {isa = PBXBuildFile; fileRef = 14FA8A6C2845308A003D73E2 /* NewsListViewModel.swift */; };
		14FA8A6F284530A2003D73E2 /* NewsListCoordinator.swift in Sources */ = {isa = PBXBuildFile; fileRef = 14FA8A6E284530A2003D73E2 /* NewsListCoordinator.swift */; };
		14FA8A72284530CA003D73E2 /* NewsListViewController.swift in Sources */ = {isa = PBXBuildFile; fileRef = 14FA8A70284530CA003D73E2 /* NewsListViewController.swift */; };
		14FA8A73284530CA003D73E2 /* NewsListViewController.xib in Resources */ = {isa = PBXBuildFile; fileRef = 14FA8A71284530CA003D73E2 /* NewsListViewController.xib */; };
		14FA8A77284530F7003D73E2 /* NewsListCell.swift in Sources */ = {isa = PBXBuildFile; fileRef = 14FA8A75284530F7003D73E2 /* NewsListCell.swift */; };
		14FA8A78284530F7003D73E2 /* NewsListCell.xib in Resources */ = {isa = PBXBuildFile; fileRef = 14FA8A76284530F7003D73E2 /* NewsListCell.xib */; };
		14FA8A7D284531DB003D73E2 /* NewsDetailCoordinator.swift in Sources */ = {isa = PBXBuildFile; fileRef = 14FA8A7C284531DB003D73E2 /* NewsDetailCoordinator.swift */; };
		14FA8A7F284531E8003D73E2 /* NewsDetailViewModel.swift in Sources */ = {isa = PBXBuildFile; fileRef = 14FA8A7E284531E8003D73E2 /* NewsDetailViewModel.swift */; };
		14FA8A822845320E003D73E2 /* NewsDetailViewController.swift in Sources */ = {isa = PBXBuildFile; fileRef = 14FA8A802845320E003D73E2 /* NewsDetailViewController.swift */; };
		14FA8A832845320E003D73E2 /* NewsDetailViewController.xib in Resources */ = {isa = PBXBuildFile; fileRef = 14FA8A812845320E003D73E2 /* NewsDetailViewController.xib */; };
		14FA8A85284538F8003D73E2 /* UIViewController+Extensions.swift in Sources */ = {isa = PBXBuildFile; fileRef = 14FA8A84284538F8003D73E2 /* UIViewController+Extensions.swift */; };
		14FA8A8728453D47003D73E2 /* SceneDelegate.swift in Sources */ = {isa = PBXBuildFile; fileRef = 14FA8A8628453D47003D73E2 /* SceneDelegate.swift */; };
		14FA8A892845A925003D73E2 /* BaseAPIRequest.swift in Sources */ = {isa = PBXBuildFile; fileRef = 14FA8A882845A925003D73E2 /* BaseAPIRequest.swift */; };
		14FA8A8B2845A98A003D73E2 /* NewsArticle.swift in Sources */ = {isa = PBXBuildFile; fileRef = 14FA8A8A2845A98A003D73E2 /* NewsArticle.swift */; };
		14FA8A8D2845BB4D003D73E2 /* BaseAPIResponse.swift in Sources */ = {isa = PBXBuildFile; fileRef = 14FA8A8C2845BB4D003D73E2 /* BaseAPIResponse.swift */; };
		14FA8A8F2845C11D003D73E2 /* APIDefinition.swift in Sources */ = {isa = PBXBuildFile; fileRef = 14FA8A8E2845C11D003D73E2 /* APIDefinition.swift */; };
		14FA8A912845C320003D73E2 /* GetNewsListRequest.swift in Sources */ = {isa = PBXBuildFile; fileRef = 14FA8A902845C320003D73E2 /* GetNewsListRequest.swift */; };
		14FA8A942845F3B3003D73E2 /* UITableView+Extension.swift in Sources */ = {isa = PBXBuildFile; fileRef = 14FA8A932845F3B3003D73E2 /* UITableView+Extension.swift */; };
		3C67969A4BA6E8271369F6CD /* Pods_CodingTest.framework in Frameworks */ = {isa = PBXBuildFile; fileRef = 8DB0F96E6F022DFF4628F171 /* Pods_CodingTest.framework */; };
/* End PBXBuildFile section */

/* Begin PBXContainerItemProxy section */
		14FA8A412844F410003D73E2 /* PBXContainerItemProxy */ = {
			isa = PBXContainerItemProxy;
			containerPortal = 14FA8A222844F40E003D73E2 /* Project object */;
			proxyType = 1;
			remoteGlobalIDString = 14FA8A292844F40E003D73E2;
			remoteInfo = CodingTest;
		};
		14FA8A4B2844F410003D73E2 /* PBXContainerItemProxy */ = {
			isa = PBXContainerItemProxy;
			containerPortal = 14FA8A222844F40E003D73E2 /* Project object */;
			proxyType = 1;
			remoteGlobalIDString = 14FA8A292844F40E003D73E2;
			remoteInfo = CodingTest;
		};
/* End PBXContainerItemProxy section */

/* Begin PBXFileReference section */
		0281574F00A6DAC404C80702 /* Pods-CodingTest.release.xcconfig */ = {isa = PBXFileReference; includeInIndex = 1; lastKnownFileType = text.xcconfig; name = "Pods-CodingTest.release.xcconfig"; path = "Target Support Files/Pods-CodingTest/Pods-CodingTest.release.xcconfig"; sourceTree = "<group>"; };
		14FA8A2A2844F40E003D73E2 /* CodingTest.app */ = {isa = PBXFileReference; explicitFileType = wrapper.application; includeInIndex = 0; path = CodingTest.app; sourceTree = BUILT_PRODUCTS_DIR; };
		14FA8A2D2844F40E003D73E2 /* AppDelegate.swift */ = {isa = PBXFileReference; lastKnownFileType = sourcecode.swift; path = AppDelegate.swift; sourceTree = "<group>"; };
		14FA8A362844F410003D73E2 /* Assets.xcassets */ = {isa = PBXFileReference; lastKnownFileType = folder.assetcatalog; path = Assets.xcassets; sourceTree = "<group>"; };
		14FA8A392844F410003D73E2 /* Base */ = {isa = PBXFileReference; lastKnownFileType = file.storyboard; name = Base; path = Base.lproj/LaunchScreen.storyboard; sourceTree = "<group>"; };
		14FA8A3B2844F410003D73E2 /* Info.plist */ = {isa = PBXFileReference; lastKnownFileType = text.plist.xml; path = Info.plist; sourceTree = "<group>"; };
		14FA8A402844F410003D73E2 /* CodingTestTests.xctest */ = {isa = PBXFileReference; explicitFileType = wrapper.cfbundle; includeInIndex = 0; path = CodingTestTests.xctest; sourceTree = BUILT_PRODUCTS_DIR; };
		14FA8A442844F410003D73E2 /* CodingTestTests.swift */ = {isa = PBXFileReference; lastKnownFileType = sourcecode.swift; path = CodingTestTests.swift; sourceTree = "<group>"; };
		14FA8A4A2844F410003D73E2 /* CodingTestUITests.xctest */ = {isa = PBXFileReference; explicitFileType = wrapper.cfbundle; includeInIndex = 0; path = CodingTestUITests.xctest; sourceTree = BUILT_PRODUCTS_DIR; };
		14FA8A4E2844F410003D73E2 /* CodingTestUITests.swift */ = {isa = PBXFileReference; lastKnownFileType = sourcecode.swift; path = CodingTestUITests.swift; sourceTree = "<group>"; };
		14FA8A502844F410003D73E2 /* CodingTestUITestsLaunchTests.swift */ = {isa = PBXFileReference; lastKnownFileType = sourcecode.swift; path = CodingTestUITestsLaunchTests.swift; sourceTree = "<group>"; };
		14FA8A6228452E85003D73E2 /* BaseCoordinator.swift */ = {isa = PBXFileReference; lastKnownFileType = sourcecode.swift; path = BaseCoordinator.swift; sourceTree = "<group>"; };
		14FA8A6728452FBF003D73E2 /* AppCoordinator.swift */ = {isa = PBXFileReference; lastKnownFileType = sourcecode.swift; path = AppCoordinator.swift; sourceTree = "<group>"; };
		14FA8A6C2845308A003D73E2 /* NewsListViewModel.swift */ = {isa = PBXFileReference; lastKnownFileType = sourcecode.swift; path = NewsListViewModel.swift; sourceTree = "<group>"; };
		14FA8A6E284530A2003D73E2 /* NewsListCoordinator.swift */ = {isa = PBXFileReference; lastKnownFileType = sourcecode.swift; path = NewsListCoordinator.swift; sourceTree = "<group>"; };
		14FA8A70284530CA003D73E2 /* NewsListViewController.swift */ = {isa = PBXFileReference; lastKnownFileType = sourcecode.swift; path = NewsListViewController.swift; sourceTree = "<group>"; };
		14FA8A71284530CA003D73E2 /* NewsListViewController.xib */ = {isa = PBXFileReference; lastKnownFileType = file.xib; path = NewsListViewController.xib; sourceTree = "<group>"; };
		14FA8A75284530F7003D73E2 /* NewsListCell.swift */ = {isa = PBXFileReference; lastKnownFileType = sourcecode.swift; path = NewsListCell.swift; sourceTree = "<group>"; };
		14FA8A76284530F7003D73E2 /* NewsListCell.xib */ = {isa = PBXFileReference; lastKnownFileType = file.xib; path = NewsListCell.xib; sourceTree = "<group>"; };
		14FA8A7C284531DB003D73E2 /* NewsDetailCoordinator.swift */ = {isa = PBXFileReference; lastKnownFileType = sourcecode.swift; path = NewsDetailCoordinator.swift; sourceTree = "<group>"; };
		14FA8A7E284531E8003D73E2 /* NewsDetailViewModel.swift */ = {isa = PBXFileReference; lastKnownFileType = sourcecode.swift; path = NewsDetailViewModel.swift; sourceTree = "<group>"; };
		14FA8A802845320E003D73E2 /* NewsDetailViewController.swift */ = {isa = PBXFileReference; lastKnownFileType = sourcecode.swift; path = NewsDetailViewController.swift; sourceTree = "<group>"; };
		14FA8A812845320E003D73E2 /* NewsDetailViewController.xib */ = {isa = PBXFileReference; lastKnownFileType = file.xib; path = NewsDetailViewController.xib; sourceTree = "<group>"; };
		14FA8A84284538F8003D73E2 /* UIViewController+Extensions.swift */ = {isa = PBXFileReference; lastKnownFileType = sourcecode.swift; path = "UIViewController+Extensions.swift"; sourceTree = "<group>"; };
		14FA8A8628453D47003D73E2 /* SceneDelegate.swift */ = {isa = PBXFileReference; fileEncoding = 4; lastKnownFileType = sourcecode.swift; path = SceneDelegate.swift; sourceTree = "<group>"; };
		14FA8A882845A925003D73E2 /* BaseAPIRequest.swift */ = {isa = PBXFileReference; lastKnownFileType = sourcecode.swift; path = BaseAPIRequest.swift; sourceTree = "<group>"; };
		14FA8A8A2845A98A003D73E2 /* NewsArticle.swift */ = {isa = PBXFileReference; lastKnownFileType = sourcecode.swift; path = NewsArticle.swift; sourceTree = "<group>"; };
		14FA8A8C2845BB4D003D73E2 /* BaseAPIResponse.swift */ = {isa = PBXFileReference; lastKnownFileType = sourcecode.swift; path = BaseAPIResponse.swift; sourceTree = "<group>"; };
		14FA8A8E2845C11D003D73E2 /* APIDefinition.swift */ = {isa = PBXFileReference; lastKnownFileType = sourcecode.swift; path = APIDefinition.swift; sourceTree = "<group>"; };
		14FA8A902845C320003D73E2 /* GetNewsListRequest.swift */ = {isa = PBXFileReference; lastKnownFileType = sourcecode.swift; path = GetNewsListRequest.swift; sourceTree = "<group>"; };
		14FA8A932845F3B3003D73E2 /* UITableView+Extension.swift */ = {isa = PBXFileReference; lastKnownFileType = sourcecode.swift; name = "UITableView+Extension.swift"; path = "../../../../UITableView+Extension.swift"; sourceTree = "<group>"; };
		4AC499D3FBE68B42EE248F35 /* Pods-CodingTest.debug.xcconfig */ = {isa = PBXFileReference; includeInIndex = 1; lastKnownFileType = text.xcconfig; name = "Pods-CodingTest.debug.xcconfig"; path = "Target Support Files/Pods-CodingTest/Pods-CodingTest.debug.xcconfig"; sourceTree = "<group>"; };
		8DB0F96E6F022DFF4628F171 /* Pods_CodingTest.framework */ = {isa = PBXFileReference; explicitFileType = wrapper.framework; includeInIndex = 0; path = Pods_CodingTest.framework; sourceTree = BUILT_PRODUCTS_DIR; };
/* End PBXFileReference section */

/* Begin PBXFrameworksBuildPhase section */
		14FA8A272844F40E003D73E2 /* Frameworks */ = {
			isa = PBXFrameworksBuildPhase;
			buildActionMask = 2147483647;
			files = (
				3C67969A4BA6E8271369F6CD /* Pods_CodingTest.framework in Frameworks */,
			);
			runOnlyForDeploymentPostprocessing = 0;
		};
		14FA8A3D2844F410003D73E2 /* Frameworks */ = {
			isa = PBXFrameworksBuildPhase;
			buildActionMask = 2147483647;
			files = (
			);
			runOnlyForDeploymentPostprocessing = 0;
		};
		14FA8A472844F410003D73E2 /* Frameworks */ = {
			isa = PBXFrameworksBuildPhase;
			buildActionMask = 2147483647;
			files = (
			);
			runOnlyForDeploymentPostprocessing = 0;
		};
/* End PBXFrameworksBuildPhase section */

/* Begin PBXGroup section */
		14FA8A212844F40E003D73E2 = {
			isa = PBXGroup;
			children = (
				14FA8A2C2844F40E003D73E2 /* CodingTest */,
				14FA8A432844F410003D73E2 /* CodingTestTests */,
				14FA8A4D2844F410003D73E2 /* CodingTestUITests */,
				14FA8A2B2844F40E003D73E2 /* Products */,
				286B964CDC619CD653933150 /* Pods */,
				40BA3922613270D4E310771A /* Frameworks */,
			);
			sourceTree = "<group>";
		};
		14FA8A2B2844F40E003D73E2 /* Products */ = {
			isa = PBXGroup;
			children = (
				14FA8A2A2844F40E003D73E2 /* CodingTest.app */,
				14FA8A402844F410003D73E2 /* CodingTestTests.xctest */,
				14FA8A4A2844F410003D73E2 /* CodingTestUITests.xctest */,
			);
			name = Products;
			sourceTree = "<group>";
		};
		14FA8A2C2844F40E003D73E2 /* CodingTest */ = {
			isa = PBXGroup;
			children = (
				14FA8A5D28452DC9003D73E2 /* App */,
				14FA8A5E28452E48003D73E2 /* Bases */,
				14FA8A6128452E62003D73E2 /* Services */,
				14FA8A6028452E5D003D73E2 /* Models */,
				14FA8A5F28452E50003D73E2 /* Modules */,
				14FA8A6628452EC6003D73E2 /* Extensions */,
				14FA8A362844F410003D73E2 /* Assets.xcassets */,
				14FA8A382844F410003D73E2 /* LaunchScreen.storyboard */,
				14FA8A3B2844F410003D73E2 /* Info.plist */,
			);
			path = CodingTest;
			sourceTree = "<group>";
		};
		14FA8A432844F410003D73E2 /* CodingTestTests */ = {
			isa = PBXGroup;
			children = (
				14FA8A442844F410003D73E2 /* CodingTestTests.swift */,
			);
			path = CodingTestTests;
			sourceTree = "<group>";
		};
		14FA8A4D2844F410003D73E2 /* CodingTestUITests */ = {
			isa = PBXGroup;
			children = (
				14FA8A4E2844F410003D73E2 /* CodingTestUITests.swift */,
				14FA8A502844F410003D73E2 /* CodingTestUITestsLaunchTests.swift */,
			);
			path = CodingTestUITests;
			sourceTree = "<group>";
		};
		14FA8A5D28452DC9003D73E2 /* App */ = {
			isa = PBXGroup;
			children = (
				14FA8A2D2844F40E003D73E2 /* AppDelegate.swift */,
				14FA8A8628453D47003D73E2 /* SceneDelegate.swift */,
				14FA8A6728452FBF003D73E2 /* AppCoordinator.swift */,
			);
			path = App;
			sourceTree = "<group>";
		};
		14FA8A5E28452E48003D73E2 /* Bases */ = {
			isa = PBXGroup;
			children = (
				14FA8A6228452E85003D73E2 /* BaseCoordinator.swift */,
			);
			path = Bases;
			sourceTree = "<group>";
		};
		14FA8A5F28452E50003D73E2 /* Modules */ = {
			isa = PBXGroup;
			children = (
				14FA8A6428452E9D003D73E2 /* NewsList */,
				14FA8A6528452EA9003D73E2 /* NewsDetail */,
			);
			path = Modules;
			sourceTree = "<group>";
		};
		14FA8A6028452E5D003D73E2 /* Models */ = {
			isa = PBXGroup;
			children = (
				14FA8A8C2845BB4D003D73E2 /* BaseAPIResponse.swift */,
				14FA8A8A2845A98A003D73E2 /* NewsArticle.swift */,
			);
			path = Models;
			sourceTree = "<group>";
		};
		14FA8A6128452E62003D73E2 /* Services */ = {
			isa = PBXGroup;
			children = (
				14FA8A882845A925003D73E2 /* BaseAPIRequest.swift */,
				14FA8A8E2845C11D003D73E2 /* APIDefinition.swift */,
				14FA8A902845C320003D73E2 /* GetNewsListRequest.swift */,
			);
			path = Services;
			sourceTree = "<group>";
		};
		14FA8A6428452E9D003D73E2 /* NewsList */ = {
			isa = PBXGroup;
			children = (
				14FA8A6928453055003D73E2 /* Coordinator */,
				14FA8A6B28453067003D73E2 /* ViewModel */,
				14FA8A6A28453060003D73E2 /* View */,
			);
			path = NewsList;
			sourceTree = "<group>";
		};
		14FA8A6528452EA9003D73E2 /* NewsDetail */ = {
			isa = PBXGroup;
			children = (
				14FA8A7B2845312C003D73E2 /* Coordinator */,
				14FA8A7A28453125003D73E2 /* ViewModel */,
				14FA8A792845311D003D73E2 /* View */,
			);
			path = NewsDetail;
			sourceTree = "<group>";
		};
		14FA8A6628452EC6003D73E2 /* Extensions */ = {
			isa = PBXGroup;
			children = (
				14FA8A84284538F8003D73E2 /* UIViewController+Extensions.swift */,
				14FA8A932845F3B3003D73E2 /* UITableView+Extension.swift */,
			);
			path = Extensions;
			sourceTree = "<group>";
		};
		14FA8A6928453055003D73E2 /* Coordinator */ = {
			isa = PBXGroup;
			children = (
				14FA8A6E284530A2003D73E2 /* NewsListCoordinator.swift */,
			);
			path = Coordinator;
			sourceTree = "<group>";
		};
		14FA8A6A28453060003D73E2 /* View */ = {
			isa = PBXGroup;
			children = (
				14FA8A70284530CA003D73E2 /* NewsListViewController.swift */,
				14FA8A71284530CA003D73E2 /* NewsListViewController.xib */,
				14FA8A74284530D9003D73E2 /* SubViews */,
			);
			path = View;
			sourceTree = "<group>";
		};
		14FA8A6B28453067003D73E2 /* ViewModel */ = {
			isa = PBXGroup;
			children = (
				14FA8A6C2845308A003D73E2 /* NewsListViewModel.swift */,
			);
			path = ViewModel;
			sourceTree = "<group>";
		};
		14FA8A74284530D9003D73E2 /* SubViews */ = {
			isa = PBXGroup;
			children = (
				14FA8A75284530F7003D73E2 /* NewsListCell.swift */,
				14FA8A76284530F7003D73E2 /* NewsListCell.xib */,
			);
			path = SubViews;
			sourceTree = "<group>";
		};
		14FA8A792845311D003D73E2 /* View */ = {
			isa = PBXGroup;
			children = (
				14FA8A802845320E003D73E2 /* NewsDetailViewController.swift */,
				14FA8A812845320E003D73E2 /* NewsDetailViewController.xib */,
			);
			path = View;
			sourceTree = "<group>";
		};
		14FA8A7A28453125003D73E2 /* ViewModel */ = {
			isa = PBXGroup;
			children = (
				14FA8A7E284531E8003D73E2 /* NewsDetailViewModel.swift */,
			);
			path = ViewModel;
			sourceTree = "<group>";
		};
		14FA8A7B2845312C003D73E2 /* Coordinator */ = {
			isa = PBXGroup;
			children = (
				14FA8A7C284531DB003D73E2 /* NewsDetailCoordinator.swift */,
			);
			path = Coordinator;
			sourceTree = "<group>";
		};
		286B964CDC619CD653933150 /* Pods */ = {
			isa = PBXGroup;
			children = (
				4AC499D3FBE68B42EE248F35 /* Pods-CodingTest.debug.xcconfig */,
				0281574F00A6DAC404C80702 /* Pods-CodingTest.release.xcconfig */,
			);
			path = Pods;
			sourceTree = "<group>";
		};
		40BA3922613270D4E310771A /* Frameworks */ = {
			isa = PBXGroup;
			children = (
				8DB0F96E6F022DFF4628F171 /* Pods_CodingTest.framework */,
			);
			name = Frameworks;
			sourceTree = "<group>";
		};
/* End PBXGroup section */

/* Begin PBXNativeTarget section */
		14FA8A292844F40E003D73E2 /* CodingTest */ = {
			isa = PBXNativeTarget;
			buildConfigurationList = 14FA8A542844F410003D73E2 /* Build configuration list for PBXNativeTarget "CodingTest" */;
			buildPhases = (
				3C2E382D45C6CA80EA9CC5AD /* [CP] Check Pods Manifest.lock */,
				14FA8A262844F40E003D73E2 /* Sources */,
				14FA8A272844F40E003D73E2 /* Frameworks */,
				14FA8A282844F40E003D73E2 /* Resources */,
				A1F4E810FF3A28B4858C76F4 /* [CP] Embed Pods Frameworks */,
			);
			buildRules = (
			);
			dependencies = (
			);
			name = CodingTest;
			productName = CodingTest;
			productReference = 14FA8A2A2844F40E003D73E2 /* CodingTest.app */;
			productType = "com.apple.product-type.application";
		};
		14FA8A3F2844F410003D73E2 /* CodingTestTests */ = {
			isa = PBXNativeTarget;
			buildConfigurationList = 14FA8A572844F410003D73E2 /* Build configuration list for PBXNativeTarget "CodingTestTests" */;
			buildPhases = (
				14FA8A3C2844F410003D73E2 /* Sources */,
				14FA8A3D2844F410003D73E2 /* Frameworks */,
				14FA8A3E2844F410003D73E2 /* Resources */,
			);
			buildRules = (
			);
			dependencies = (
				14FA8A422844F410003D73E2 /* PBXTargetDependency */,
			);
			name = CodingTestTests;
			productName = CodingTestTests;
			productReference = 14FA8A402844F410003D73E2 /* CodingTestTests.xctest */;
			productType = "com.apple.product-type.bundle.unit-test";
		};
		14FA8A492844F410003D73E2 /* CodingTestUITests */ = {
			isa = PBXNativeTarget;
			buildConfigurationList = 14FA8A5A2844F410003D73E2 /* Build configuration list for PBXNativeTarget "CodingTestUITests" */;
			buildPhases = (
				14FA8A462844F410003D73E2 /* Sources */,
				14FA8A472844F410003D73E2 /* Frameworks */,
				14FA8A482844F410003D73E2 /* Resources */,
			);
			buildRules = (
			);
			dependencies = (
				14FA8A4C2844F410003D73E2 /* PBXTargetDependency */,
			);
			name = CodingTestUITests;
			productName = CodingTestUITests;
			productReference = 14FA8A4A2844F410003D73E2 /* CodingTestUITests.xctest */;
			productType = "com.apple.product-type.bundle.ui-testing";
		};
/* End PBXNativeTarget section */

/* Begin PBXProject section */
		14FA8A222844F40E003D73E2 /* Project object */ = {
			isa = PBXProject;
			attributes = {
				BuildIndependentTargetsInParallel = 1;
				LastSwiftUpdateCheck = 1330;
				LastUpgradeCheck = 1330;
				TargetAttributes = {
					14FA8A292844F40E003D73E2 = {
						CreatedOnToolsVersion = 13.3;
					};
					14FA8A3F2844F410003D73E2 = {
						CreatedOnToolsVersion = 13.3;
						TestTargetID = 14FA8A292844F40E003D73E2;
					};
					14FA8A492844F410003D73E2 = {
						CreatedOnToolsVersion = 13.3;
						TestTargetID = 14FA8A292844F40E003D73E2;
					};
				};
			};
			buildConfigurationList = 14FA8A252844F40E003D73E2 /* Build configuration list for PBXProject "CodingTest" */;
			compatibilityVersion = "Xcode 13.0";
			developmentRegion = en;
			hasScannedForEncodings = 0;
			knownRegions = (
				en,
				Base,
			);
			mainGroup = 14FA8A212844F40E003D73E2;
			productRefGroup = 14FA8A2B2844F40E003D73E2 /* Products */;
			projectDirPath = "";
			projectRoot = "";
			targets = (
				14FA8A292844F40E003D73E2 /* CodingTest */,
				14FA8A3F2844F410003D73E2 /* CodingTestTests */,
				14FA8A492844F410003D73E2 /* CodingTestUITests */,
			);
		};
/* End PBXProject section */

/* Begin PBXResourcesBuildPhase section */
		14FA8A282844F40E003D73E2 /* Resources */ = {
			isa = PBXResourcesBuildPhase;
			buildActionMask = 2147483647;
			files = (
				14FA8A832845320E003D73E2 /* NewsDetailViewController.xib in Resources */,
				14FA8A3A2844F410003D73E2 /* LaunchScreen.storyboard in Resources */,
				14FA8A78284530F7003D73E2 /* NewsListCell.xib in Resources */,
				14FA8A372844F410003D73E2 /* Assets.xcassets in Resources */,
				14FA8A73284530CA003D73E2 /* NewsListViewController.xib in Resources */,
			);
			runOnlyForDeploymentPostprocessing = 0;
		};
		14FA8A3E2844F410003D73E2 /* Resources */ = {
			isa = PBXResourcesBuildPhase;
			buildActionMask = 2147483647;
			files = (
			);
			runOnlyForDeploymentPostprocessing = 0;
		};
		14FA8A482844F410003D73E2 /* Resources */ = {
			isa = PBXResourcesBuildPhase;
			buildActionMask = 2147483647;
			files = (
			);
			runOnlyForDeploymentPostprocessing = 0;
		};
/* End PBXResourcesBuildPhase section */

/* Begin PBXShellScriptBuildPhase section */
		3C2E382D45C6CA80EA9CC5AD /* [CP] Check Pods Manifest.lock */ = {
			isa = PBXShellScriptBuildPhase;
			buildActionMask = 2147483647;
			files = (
			);
			inputFileListPaths = (
			);
			inputPaths = (
				"${PODS_PODFILE_DIR_PATH}/Podfile.lock",
				"${PODS_ROOT}/Manifest.lock",
			);
			name = "[CP] Check Pods Manifest.lock";
			outputFileListPaths = (
			);
			outputPaths = (
				"$(DERIVED_FILE_DIR)/Pods-CodingTest-checkManifestLockResult.txt",
			);
			runOnlyForDeploymentPostprocessing = 0;
			shellPath = /bin/sh;
			shellScript = "diff \"${PODS_PODFILE_DIR_PATH}/Podfile.lock\" \"${PODS_ROOT}/Manifest.lock\" > /dev/null\nif [ $? != 0 ] ; then\n    # print error to STDERR\n    echo \"error: The sandbox is not in sync with the Podfile.lock. Run 'pod install' or update your CocoaPods installation.\" >&2\n    exit 1\nfi\n# This output is used by Xcode 'outputs' to avoid re-running this script phase.\necho \"SUCCESS\" > \"${SCRIPT_OUTPUT_FILE_0}\"\n";
			showEnvVarsInLog = 0;
		};
		A1F4E810FF3A28B4858C76F4 /* [CP] Embed Pods Frameworks */ = {
			isa = PBXShellScriptBuildPhase;
			buildActionMask = 2147483647;
			files = (
			);
			inputFileListPaths = (
				"${PODS_ROOT}/Target Support Files/Pods-CodingTest/Pods-CodingTest-frameworks-${CONFIGURATION}-input-files.xcfilelist",
			);
			name = "[CP] Embed Pods Frameworks";
			outputFileListPaths = (
				"${PODS_ROOT}/Target Support Files/Pods-CodingTest/Pods-CodingTest-frameworks-${CONFIGURATION}-output-files.xcfilelist",
			);
			runOnlyForDeploymentPostprocessing = 0;
			shellPath = /bin/sh;
			shellScript = "\"${PODS_ROOT}/Target Support Files/Pods-CodingTest/Pods-CodingTest-frameworks.sh\"\n";
			showEnvVarsInLog = 0;
		};
/* End PBXShellScriptBuildPhase section */

/* Begin PBXSourcesBuildPhase section */
		14FA8A262844F40E003D73E2 /* Sources */ = {
			isa = PBXSourcesBuildPhase;
			buildActionMask = 2147483647;
			files = (
				14FA8A822845320E003D73E2 /* NewsDetailViewController.swift in Sources */,
				14FA8A8F2845C11D003D73E2 /* APIDefinition.swift in Sources */,
				14FA8A85284538F8003D73E2 /* UIViewController+Extensions.swift in Sources */,
				14FA8A2E2844F40E003D73E2 /* AppDelegate.swift in Sources */,
				14FA8A6828452FBF003D73E2 /* AppCoordinator.swift in Sources */,
				14FA8A6F284530A2003D73E2 /* NewsListCoordinator.swift in Sources */,
				14FA8A8D2845BB4D003D73E2 /* BaseAPIResponse.swift in Sources */,
				14FA8A7F284531E8003D73E2 /* NewsDetailViewModel.swift in Sources */,
				14FA8A912845C320003D73E2 /* GetNewsListRequest.swift in Sources */,
				14FA8A6328452E85003D73E2 /* BaseCoordinator.swift in Sources */,
				14FA8A8B2845A98A003D73E2 /* NewsArticle.swift in Sources */,
				14FA8A7D284531DB003D73E2 /* NewsDetailCoordinator.swift in Sources */,
				14FA8A77284530F7003D73E2 /* NewsListCell.swift in Sources */,
				14FA8A942845F3B3003D73E2 /* UITableView+Extension.swift in Sources */,
				14FA8A6D2845308A003D73E2 /* NewsListViewModel.swift in Sources */,
				14FA8A72284530CA003D73E2 /* NewsListViewController.swift in Sources */,
				14FA8A892845A925003D73E2 /* BaseAPIRequest.swift in Sources */,
				14FA8A8728453D47003D73E2 /* SceneDelegate.swift in Sources */,
			);
			runOnlyForDeploymentPostprocessing = 0;
		};
		14FA8A3C2844F410003D73E2 /* Sources */ = {
			isa = PBXSourcesBuildPhase;
			buildActionMask = 2147483647;
			files = (
				14FA8A452844F410003D73E2 /* CodingTestTests.swift in Sources */,
			);
			runOnlyForDeploymentPostprocessing = 0;
		};
		14FA8A462844F410003D73E2 /* Sources */ = {
			isa = PBXSourcesBuildPhase;
			buildActionMask = 2147483647;
			files = (
				14FA8A512844F410003D73E2 /* CodingTestUITestsLaunchTests.swift in Sources */,
				14FA8A4F2844F410003D73E2 /* CodingTestUITests.swift in Sources */,
			);
			runOnlyForDeploymentPostprocessing = 0;
		};
/* End PBXSourcesBuildPhase section */

/* Begin PBXTargetDependency section */
		14FA8A422844F410003D73E2 /* PBXTargetDependency */ = {
			isa = PBXTargetDependency;
			target = 14FA8A292844F40E003D73E2 /* CodingTest */;
			targetProxy = 14FA8A412844F410003D73E2 /* PBXContainerItemProxy */;
		};
		14FA8A4C2844F410003D73E2 /* PBXTargetDependency */ = {
			isa = PBXTargetDependency;
			target = 14FA8A292844F40E003D73E2 /* CodingTest */;
			targetProxy = 14FA8A4B2844F410003D73E2 /* PBXContainerItemProxy */;
		};
/* End PBXTargetDependency section */

/* Begin PBXVariantGroup section */
		14FA8A382844F410003D73E2 /* LaunchScreen.storyboard */ = {
			isa = PBXVariantGroup;
			children = (
				14FA8A392844F410003D73E2 /* Base */,
			);
			name = LaunchScreen.storyboard;
			sourceTree = "<group>";
		};
/* End PBXVariantGroup section */

/* Begin XCBuildConfiguration section */
		14FA8A522844F410003D73E2 /* Debug */ = {
			isa = XCBuildConfiguration;
			buildSettings = {
				ALWAYS_SEARCH_USER_PATHS = NO;
				CLANG_ANALYZER_NONNULL = YES;
				CLANG_ANALYZER_NUMBER_OBJECT_CONVERSION = YES_AGGRESSIVE;
				CLANG_CXX_LANGUAGE_STANDARD = "gnu++17";
				CLANG_ENABLE_MODULES = YES;
				CLANG_ENABLE_OBJC_ARC = YES;
				CLANG_ENABLE_OBJC_WEAK = YES;
				CLANG_WARN_BLOCK_CAPTURE_AUTORELEASING = YES;
				CLANG_WARN_BOOL_CONVERSION = YES;
				CLANG_WARN_COMMA = YES;
				CLANG_WARN_CONSTANT_CONVERSION = YES;
				CLANG_WARN_DEPRECATED_OBJC_IMPLEMENTATIONS = YES;
				CLANG_WARN_DIRECT_OBJC_ISA_USAGE = YES_ERROR;
				CLANG_WARN_DOCUMENTATION_COMMENTS = YES;
				CLANG_WARN_EMPTY_BODY = YES;
				CLANG_WARN_ENUM_CONVERSION = YES;
				CLANG_WARN_INFINITE_RECURSION = YES;
				CLANG_WARN_INT_CONVERSION = YES;
				CLANG_WARN_NON_LITERAL_NULL_CONVERSION = YES;
				CLANG_WARN_OBJC_IMPLICIT_RETAIN_SELF = YES;
				CLANG_WARN_OBJC_LITERAL_CONVERSION = YES;
				CLANG_WARN_OBJC_ROOT_CLASS = YES_ERROR;
				CLANG_WARN_QUOTED_INCLUDE_IN_FRAMEWORK_HEADER = YES;
				CLANG_WARN_RANGE_LOOP_ANALYSIS = YES;
				CLANG_WARN_STRICT_PROTOTYPES = YES;
				CLANG_WARN_SUSPICIOUS_MOVE = YES;
				CLANG_WARN_UNGUARDED_AVAILABILITY = YES_AGGRESSIVE;
				CLANG_WARN_UNREACHABLE_CODE = YES;
				CLANG_WARN__DUPLICATE_METHOD_MATCH = YES;
				COPY_PHASE_STRIP = NO;
				DEBUG_INFORMATION_FORMAT = dwarf;
				ENABLE_STRICT_OBJC_MSGSEND = YES;
				ENABLE_TESTABILITY = YES;
				GCC_C_LANGUAGE_STANDARD = gnu11;
				GCC_DYNAMIC_NO_PIC = NO;
				GCC_NO_COMMON_BLOCKS = YES;
				GCC_OPTIMIZATION_LEVEL = 0;
				GCC_PREPROCESSOR_DEFINITIONS = (
					"DEBUG=1",
					"$(inherited)",
				);
				GCC_WARN_64_TO_32_BIT_CONVERSION = YES;
				GCC_WARN_ABOUT_RETURN_TYPE = YES_ERROR;
				GCC_WARN_UNDECLARED_SELECTOR = YES;
				GCC_WARN_UNINITIALIZED_AUTOS = YES_AGGRESSIVE;
				GCC_WARN_UNUSED_FUNCTION = YES;
				GCC_WARN_UNUSED_VARIABLE = YES;
				IPHONEOS_DEPLOYMENT_TARGET = 15.4;
				MTL_ENABLE_DEBUG_INFO = INCLUDE_SOURCE;
				MTL_FAST_MATH = YES;
				ONLY_ACTIVE_ARCH = YES;
				SDKROOT = iphoneos;
				SWIFT_ACTIVE_COMPILATION_CONDITIONS = DEBUG;
				SWIFT_OPTIMIZATION_LEVEL = "-Onone";
			};
			name = Debug;
		};
		14FA8A532844F410003D73E2 /* Release */ = {
			isa = XCBuildConfiguration;
			buildSettings = {
				ALWAYS_SEARCH_USER_PATHS = NO;
				CLANG_ANALYZER_NONNULL = YES;
				CLANG_ANALYZER_NUMBER_OBJECT_CONVERSION = YES_AGGRESSIVE;
				CLANG_CXX_LANGUAGE_STANDARD = "gnu++17";
				CLANG_ENABLE_MODULES = YES;
				CLANG_ENABLE_OBJC_ARC = YES;
				CLANG_ENABLE_OBJC_WEAK = YES;
				CLANG_WARN_BLOCK_CAPTURE_AUTORELEASING = YES;
				CLANG_WARN_BOOL_CONVERSION = YES;
				CLANG_WARN_COMMA = YES;
				CLANG_WARN_CONSTANT_CONVERSION = YES;
				CLANG_WARN_DEPRECATED_OBJC_IMPLEMENTATIONS = YES;
				CLANG_WARN_DIRECT_OBJC_ISA_USAGE = YES_ERROR;
				CLANG_WARN_DOCUMENTATION_COMMENTS = YES;
				CLANG_WARN_EMPTY_BODY = YES;
				CLANG_WARN_ENUM_CONVERSION = YES;
				CLANG_WARN_INFINITE_RECURSION = YES;
				CLANG_WARN_INT_CONVERSION = YES;
				CLANG_WARN_NON_LITERAL_NULL_CONVERSION = YES;
				CLANG_WARN_OBJC_IMPLICIT_RETAIN_SELF = YES;
				CLANG_WARN_OBJC_LITERAL_CONVERSION = YES;
				CLANG_WARN_OBJC_ROOT_CLASS = YES_ERROR;
				CLANG_WARN_QUOTED_INCLUDE_IN_FRAMEWORK_HEADER = YES;
				CLANG_WARN_RANGE_LOOP_ANALYSIS = YES;
				CLANG_WARN_STRICT_PROTOTYPES = YES;
				CLANG_WARN_SUSPICIOUS_MOVE = YES;
				CLANG_WARN_UNGUARDED_AVAILABILITY = YES_AGGRESSIVE;
				CLANG_WARN_UNREACHABLE_CODE = YES;
				CLANG_WARN__DUPLICATE_METHOD_MATCH = YES;
				COPY_PHASE_STRIP = NO;
				DEBUG_INFORMATION_FORMAT = "dwarf-with-dsym";
				ENABLE_NS_ASSERTIONS = NO;
				ENABLE_STRICT_OBJC_MSGSEND = YES;
				GCC_C_LANGUAGE_STANDARD = gnu11;
				GCC_NO_COMMON_BLOCKS = YES;
				GCC_WARN_64_TO_32_BIT_CONVERSION = YES;
				GCC_WARN_ABOUT_RETURN_TYPE = YES_ERROR;
				GCC_WARN_UNDECLARED_SELECTOR = YES;
				GCC_WARN_UNINITIALIZED_AUTOS = YES_AGGRESSIVE;
				GCC_WARN_UNUSED_FUNCTION = YES;
				GCC_WARN_UNUSED_VARIABLE = YES;
				IPHONEOS_DEPLOYMENT_TARGET = 15.4;
				MTL_ENABLE_DEBUG_INFO = NO;
				MTL_FAST_MATH = YES;
				SDKROOT = iphoneos;
				SWIFT_COMPILATION_MODE = wholemodule;
				SWIFT_OPTIMIZATION_LEVEL = "-O";
				VALIDATE_PRODUCT = YES;
			};
			name = Release;
		};
		14FA8A552844F410003D73E2 /* Debug */ = {
			isa = XCBuildConfiguration;
			baseConfigurationReference = 4AC499D3FBE68B42EE248F35 /* Pods-CodingTest.debug.xcconfig */;
			buildSettings = {
				ASSETCATALOG_COMPILER_APPICON_NAME = AppIcon;
				ASSETCATALOG_COMPILER_GLOBAL_ACCENT_COLOR_NAME = AccentColor;
				CODE_SIGN_STYLE = Automatic;
				CURRENT_PROJECT_VERSION = 1;
				GENERATE_INFOPLIST_FILE = YES;
				INFOPLIST_FILE = CodingTest/Info.plist;
				INFOPLIST_KEY_UIApplicationSupportsIndirectInputEvents = YES;
				INFOPLIST_KEY_UILaunchStoryboardName = LaunchScreen;
				INFOPLIST_KEY_UISupportedInterfaceOrientations = UIInterfaceOrientationPortrait;
				INFOPLIST_KEY_UISupportedInterfaceOrientations_iPad = "UIInterfaceOrientationPortrait UIInterfaceOrientationPortraitUpsideDown UIInterfaceOrientationLandscapeLeft UIInterfaceOrientationLandscapeRight";
				INFOPLIST_KEY_UISupportedInterfaceOrientations_iPhone = "UIInterfaceOrientationPortrait UIInterfaceOrientationLandscapeLeft UIInterfaceOrientationLandscapeRight";
				IPHONEOS_DEPLOYMENT_TARGET = 13.0;
				LD_RUNPATH_SEARCH_PATHS = (
					"$(inherited)",
					"@executable_path/Frameworks",
				);
				MARKETING_VERSION = 1.0;
				PRODUCT_BUNDLE_IDENTIFIER = com.chungcr.CodingTest;
				PRODUCT_NAME = "$(TARGET_NAME)";
				SWIFT_EMIT_LOC_STRINGS = YES;
				SWIFT_VERSION = 5.0;
				TARGETED_DEVICE_FAMILY = "1,2";
			};
			name = Debug;
		};
		14FA8A562844F410003D73E2 /* Release */ = {
			isa = XCBuildConfiguration;
			baseConfigurationReference = 0281574F00A6DAC404C80702 /* Pods-CodingTest.release.xcconfig */;
			buildSettings = {
				ASSETCATALOG_COMPILER_APPICON_NAME = AppIcon;
				ASSETCATALOG_COMPILER_GLOBAL_ACCENT_COLOR_NAME = AccentColor;
				CODE_SIGN_STYLE = Automatic;
				CURRENT_PROJECT_VERSION = 1;
				GENERATE_INFOPLIST_FILE = YES;
				INFOPLIST_FILE = CodingTest/Info.plist;
				INFOPLIST_KEY_UIApplicationSupportsIndirectInputEvents = YES;
				INFOPLIST_KEY_UILaunchStoryboardName = LaunchScreen;
				INFOPLIST_KEY_UISupportedInterfaceOrientations = UIInterfaceOrientationPortrait;
				INFOPLIST_KEY_UISupportedInterfaceOrientations_iPad = "UIInterfaceOrientationPortrait UIInterfaceOrientationPortraitUpsideDown UIInterfaceOrientationLandscapeLeft UIInterfaceOrientationLandscapeRight";
				INFOPLIST_KEY_UISupportedInterfaceOrientations_iPhone = "UIInterfaceOrientationPortrait UIInterfaceOrientationLandscapeLeft UIInterfaceOrientationLandscapeRight";
				IPHONEOS_DEPLOYMENT_TARGET = 13.0;
				LD_RUNPATH_SEARCH_PATHS = (
					"$(inherited)",
					"@executable_path/Frameworks",
				);
				MARKETING_VERSION = 1.0;
				PRODUCT_BUNDLE_IDENTIFIER = com.chungcr.CodingTest;
				PRODUCT_NAME = "$(TARGET_NAME)";
				SWIFT_EMIT_LOC_STRINGS = YES;
				SWIFT_VERSION = 5.0;
				TARGETED_DEVICE_FAMILY = "1,2";
			};
			name = Release;
		};
		14FA8A582844F410003D73E2 /* Debug */ = {
			isa = XCBuildConfiguration;
			buildSettings = {
				ALWAYS_EMBED_SWIFT_STANDARD_LIBRARIES = YES;
				BUNDLE_LOADER = "$(TEST_HOST)";
				CODE_SIGN_STYLE = Automatic;
				CURRENT_PROJECT_VERSION = 1;
				GENERATE_INFOPLIST_FILE = YES;
				IPHONEOS_DEPLOYMENT_TARGET = 15.4;
				MARKETING_VERSION = 1.0;
				PRODUCT_BUNDLE_IDENTIFIER = com.chungcr.CodingTestTests;
				PRODUCT_NAME = "$(TARGET_NAME)";
				SWIFT_EMIT_LOC_STRINGS = NO;
				SWIFT_VERSION = 5.0;
				TARGETED_DEVICE_FAMILY = "1,2";
				TEST_HOST = "$(BUILT_PRODUCTS_DIR)/CodingTest.app/CodingTest";
			};
			name = Debug;
		};
		14FA8A592844F410003D73E2 /* Release */ = {
			isa = XCBuildConfiguration;
			buildSettings = {
				ALWAYS_EMBED_SWIFT_STANDARD_LIBRARIES = YES;
				BUNDLE_LOADER = "$(TEST_HOST)";
				CODE_SIGN_STYLE = Automatic;
				CURRENT_PROJECT_VERSION = 1;
				GENERATE_INFOPLIST_FILE = YES;
				IPHONEOS_DEPLOYMENT_TARGET = 15.4;
				MARKETING_VERSION = 1.0;
				PRODUCT_BUNDLE_IDENTIFIER = com.chungcr.CodingTestTests;
				PRODUCT_NAME = "$(TARGET_NAME)";
				SWIFT_EMIT_LOC_STRINGS = NO;
				SWIFT_VERSION = 5.0;
				TARGETED_DEVICE_FAMILY = "1,2";
				TEST_HOST = "$(BUILT_PRODUCTS_DIR)/CodingTest.app/CodingTest";
			};
			name = Release;
		};
		14FA8A5B2844F410003D73E2 /* Debug */ = {
			isa = XCBuildConfiguration;
			buildSettings = {
				ALWAYS_EMBED_SWIFT_STANDARD_LIBRARIES = YES;
				CODE_SIGN_STYLE = Automatic;
				CURRENT_PROJECT_VERSION = 1;
				GENERATE_INFOPLIST_FILE = YES;
				MARKETING_VERSION = 1.0;
				PRODUCT_BUNDLE_IDENTIFIER = com.chungcr.CodingTestUITests;
				PRODUCT_NAME = "$(TARGET_NAME)";
				SWIFT_EMIT_LOC_STRINGS = NO;
				SWIFT_VERSION = 5.0;
				TARGETED_DEVICE_FAMILY = "1,2";
				TEST_TARGET_NAME = CodingTest;
			};
			name = Debug;
		};
		14FA8A5C2844F410003D73E2 /* Release */ = {
			isa = XCBuildConfiguration;
			buildSettings = {
				ALWAYS_EMBED_SWIFT_STANDARD_LIBRARIES = YES;
				CODE_SIGN_STYLE = Automatic;
				CURRENT_PROJECT_VERSION = 1;
				GENERATE_INFOPLIST_FILE = YES;
				MARKETING_VERSION = 1.0;
				PRODUCT_BUNDLE_IDENTIFIER = com.chungcr.CodingTestUITests;
				PRODUCT_NAME = "$(TARGET_NAME)";
				SWIFT_EMIT_LOC_STRINGS = NO;
				SWIFT_VERSION = 5.0;
				TARGETED_DEVICE_FAMILY = "1,2";
				TEST_TARGET_NAME = CodingTest;
			};
			name = Release;
		};
/* End XCBuildConfiguration section */

/* Begin XCConfigurationList section */
		14FA8A252844F40E003D73E2 /* Build configuration list for PBXProject "CodingTest" */ = {
			isa = XCConfigurationList;
			buildConfigurations = (
				14FA8A522844F410003D73E2 /* Debug */,
				14FA8A532844F410003D73E2 /* Release */,
			);
			defaultConfigurationIsVisible = 0;
			defaultConfigurationName = Release;
		};
		14FA8A542844F410003D73E2 /* Build configuration list for PBXNativeTarget "CodingTest" */ = {
			isa = XCConfigurationList;
			buildConfigurations = (
				14FA8A552844F410003D73E2 /* Debug */,
				14FA8A562844F410003D73E2 /* Release */,
			);
			defaultConfigurationIsVisible = 0;
			defaultConfigurationName = Release;
		};
		14FA8A572844F410003D73E2 /* Build configuration list for PBXNativeTarget "CodingTestTests" */ = {
			isa = XCConfigurationList;
			buildConfigurations = (
				14FA8A582844F410003D73E2 /* Debug */,
				14FA8A592844F410003D73E2 /* Release */,
			);
			defaultConfigurationIsVisible = 0;
			defaultConfigurationName = Release;
		};
		14FA8A5A2844F410003D73E2 /* Build configuration list for PBXNativeTarget "CodingTestUITests" */ = {
			isa = XCConfigurationList;
			buildConfigurations = (
				14FA8A5B2844F410003D73E2 /* Debug */,
				14FA8A5C2844F410003D73E2 /* Release */,
			);
			defaultConfigurationIsVisible = 0;
			defaultConfigurationName = Release;
		};
/* End XCConfigurationList section */
	};
	rootObject = 14FA8A222844F40E003D73E2 /* Project object */;
}
